
Microsoft Visual Studio Solution File, Format Version 12.00
# Visual Studio Version 17
VisualStudioVersion = 17.11.35312.102
MinimumVisualStudioVersion = 10.0.40219.1
Project("{FAE04EC0-301F-11D3-BF4B-00C04F79EFBC}") = "Task7", "Task7\Task7.csproj", "{D7C2A8C9-CA9F-42D6-863B-FC11E4D35D5E}"
EndProject
Global
	GlobalSection(SolutionConfigurationPlatforms) = preSolution
		Debug|Any CPU = Debug|Any CPU
		Release|Any CPU = Release|Any CPU
	EndGlobalSection
	GlobalSection(ProjectConfigurationPlatforms) = postSolution
		{D7C2A8C9-CA9F-42D6-863B-FC11E4D35D5E}.Debug|Any CPU.ActiveCfg = Debug|Any CPU
		{D7C2A8C9-CA9F-42D6-863B-FC11E4D35D5E}.Debug|Any CPU.Build.0 = Debug|Any CPU
		{D7C2A8C9-CA9F-42D6-863B-FC11E4D35D5E}.Release|Any CPU.ActiveCfg = Release|Any CPU
		{D7C2A8C9-CA9F-42D6-863B-FC11E4D35D5E}.Release|Any CPU.Build.0 = Release|Any CPU
	EndGlobalSection
	GlobalSection(SolutionProperties) = preSolution
		HideSolutionNode = FALSE
	EndGlobalSection
	GlobalSection(ExtensibilityGlobals) = postSolution
		SolutionGuid = {3EBA5C54-7062-461D-90C6-8B0A827CECDA}
	EndGlobalSection
EndGlobal
